// !$*UTF8*$!
{
	archiveVersion = 1;
	classes = {
	};
	objectVersion = 50;
	objects = {

/* Begin PBXBuildFile section */
		62FBCDD925E0FF29009A5614 /* AppDelegate.swift in Sources */ = {isa = PBXBuildFile; fileRef = 62FBCDD825E0FF29009A5614 /* AppDelegate.swift */; };
		62FBCDDB25E0FF29009A5614 /* SceneDelegate.swift in Sources */ = {isa = PBXBuildFile; fileRef = 62FBCDDA25E0FF29009A5614 /* SceneDelegate.swift */; };
		62FBCDDD25E0FF29009A5614 /* ViewController.swift in Sources */ = {isa = PBXBuildFile; fileRef = 62FBCDDC25E0FF29009A5614 /* ViewController.swift */; };
		62FBCDE025E0FF29009A5614 /* Main.storyboard in Resources */ = {isa = PBXBuildFile; fileRef = 62FBCDDE25E0FF29009A5614 /* Main.storyboard */; };
		62FBCDE225E0FF2B009A5614 /* Assets.xcassets in Resources */ = {isa = PBXBuildFile; fileRef = 62FBCDE125E0FF2B009A5614 /* Assets.xcassets */; };
		62FBCDE525E0FF2B009A5614 /* LaunchScreen.storyboard in Resources */ = {isa = PBXBuildFile; fileRef = 62FBCDE325E0FF2B009A5614 /* LaunchScreen.storyboard */; };
		62FBCDF025E0FF2B009A5614 /* DubizzleSampleTests.swift in Sources */ = {isa = PBXBuildFile; fileRef = 62FBCDEF25E0FF2B009A5614 /* DubizzleSampleTests.swift */; };
		62FBCDFB25E0FF2B009A5614 /* DubizzleSampleUITests.swift in Sources */ = {isa = PBXBuildFile; fileRef = 62FBCDFA25E0FF2B009A5614 /* DubizzleSampleUITests.swift */; };
/* End PBXBuildFile section */

/* Begin PBXContainerItemProxy section */
		62FBCDEC25E0FF2B009A5614 /* PBXContainerItemProxy */ = {
			isa = PBXContainerItemProxy;
			containerPortal = 62FBCDCD25E0FF29009A5614 /* Project object */;
			proxyType = 1;
			remoteGlobalIDString = 62FBCDD425E0FF29009A5614;
			remoteInfo = DubizzleSample;
		};
		62FBCDF725E0FF2B009A5614 /* PBXContainerItemProxy */ = {
			isa = PBXContainerItemProxy;
			containerPortal = 62FBCDCD25E0FF29009A5614 /* Project object */;
			proxyType = 1;
			remoteGlobalIDString = 62FBCDD425E0FF29009A5614;
			remoteInfo = DubizzleSample;
		};
/* End PBXContainerItemProxy section */

/* Begin PBXFileReference section */
		62FBCDD525E0FF29009A5614 /* DubizzleSample.app */ = {isa = PBXFileReference; explicitFileType = wrapper.application; includeInIndex = 0; path = DubizzleSample.app; sourceTree = BUILT_PRODUCTS_DIR; };
		62FBCDD825E0FF29009A5614 /* AppDelegate.swift */ = {isa = PBXFileReference; lastKnownFileType = sourcecode.swift; path = AppDelegate.swift; sourceTree = "<group>"; };
		62FBCDDA25E0FF29009A5614 /* SceneDelegate.swift */ = {isa = PBXFileReference; lastKnownFileType = sourcecode.swift; path = SceneDelegate.swift; sourceTree = "<group>"; };
		62FBCDDC25E0FF29009A5614 /* ViewController.swift */ = {isa = PBXFileReference; lastKnownFileType = sourcecode.swift; path = ViewController.swift; sourceTree = "<group>"; };
		62FBCDDF25E0FF29009A5614 /* Base */ = {isa = PBXFileReference; lastKnownFileType = file.storyboard; name = Base; path = Base.lproj/Main.storyboard; sourceTree = "<group>"; };
		62FBCDE125E0FF2B009A5614 /* Assets.xcassets */ = {isa = PBXFileReference; lastKnownFileType = folder.assetcatalog; path = Assets.xcassets; sourceTree = "<group>"; };
		62FBCDE425E0FF2B009A5614 /* Base */ = {isa = PBXFileReference; lastKnownFileType = file.storyboard; name = Base; path = Base.lproj/LaunchScreen.storyboard; sourceTree = "<group>"; };
		62FBCDE625E0FF2B009A5614 /* Info.plist */ = {isa = PBXFileReference; lastKnownFileType = text.plist.xml; path = Info.plist; sourceTree = "<group>"; };
		62FBCDEB25E0FF2B009A5614 /* DubizzleSampleTests.xctest */ = {isa = PBXFileReference; explicitFileType = wrapper.cfbundle; includeInIndex = 0; path = DubizzleSampleTests.xctest; sourceTree = BUILT_PRODUCTS_DIR; };
		62FBCDEF25E0FF2B009A5614 /* DubizzleSampleTests.swift */ = {isa = PBXFileReference; lastKnownFileType = sourcecode.swift; path = DubizzleSampleTests.swift; sourceTree = "<group>"; };
		62FBCDF125E0FF2B009A5614 /* Info.plist */ = {isa = PBXFileReference; lastKnownFileType = text.plist.xml; path = Info.plist; sourceTree = "<group>"; };
		62FBCDF625E0FF2B009A5614 /* DubizzleSampleUITests.xctest */ = {isa = PBXFileReference; explicitFileType = wrapper.cfbundle; includeInIndex = 0; path = DubizzleSampleUITests.xctest; sourceTree = BUILT_PRODUCTS_DIR; };
		62FBCDFA25E0FF2B009A5614 /* DubizzleSampleUITests.swift */ = {isa = PBXFileReference; lastKnownFileType = sourcecode.swift; path = DubizzleSampleUITests.swift; sourceTree = "<group>"; };
		62FBCDFC25E0FF2B009A5614 /* Info.plist */ = {isa = PBXFileReference; lastKnownFileType = text.plist.xml; path = Info.plist; sourceTree = "<group>"; };
/* End PBXFileReference section */

/* Begin PBXFrameworksBuildPhase section */
		62FBCDD225E0FF29009A5614 /* Frameworks */ = {
			isa = PBXFrameworksBuildPhase;
			buildActionMask = 2147483647;
			files = (
			);
			runOnlyForDeploymentPostprocessing = 0;
		};
		62FBCDE825E0FF2B009A5614 /* Frameworks */ = {
			isa = PBXFrameworksBuildPhase;
			buildActionMask = 2147483647;
			files = (
			);
			runOnlyForDeploymentPostprocessing = 0;
		};
		62FBCDF325E0FF2B009A5614 /* Frameworks */ = {
			isa = PBXFrameworksBuildPhase;
			buildActionMask = 2147483647;
			files = (
			);
			runOnlyForDeploymentPostprocessing = 0;
		};
/* End PBXFrameworksBuildPhase section */

/* Begin PBXGroup section */
		62FBCDCC25E0FF29009A5614 = {
			isa = PBXGroup;
			children = (
				62FBCDD725E0FF29009A5614 /* DubizzleSample */,
				62FBCDEE25E0FF2B009A5614 /* DubizzleSampleTests */,
				62FBCDF925E0FF2B009A5614 /* DubizzleSampleUITests */,
				62FBCDD625E0FF29009A5614 /* Products */,
			);
			sourceTree = "<group>";
		};
		62FBCDD625E0FF29009A5614 /* Products */ = {
			isa = PBXGroup;
			children = (
				62FBCDD525E0FF29009A5614 /* DubizzleSample.app */,
				62FBCDEB25E0FF2B009A5614 /* DubizzleSampleTests.xctest */,
				62FBCDF625E0FF2B009A5614 /* DubizzleSampleUITests.xctest */,
			);
			name = Products;
			sourceTree = "<group>";
		};
		62FBCDD725E0FF29009A5614 /* DubizzleSample */ = {
			isa = PBXGroup;
			children = (
				62FBCDD825E0FF29009A5614 /* AppDelegate.swift */,
				62FBCDDA25E0FF29009A5614 /* SceneDelegate.swift */,
				62FBCDDC25E0FF29009A5614 /* ViewController.swift */,
				62FBCDDE25E0FF29009A5614 /* Main.storyboard */,
				62FBCDE125E0FF2B009A5614 /* Assets.xcassets */,
				62FBCDE325E0FF2B009A5614 /* LaunchScreen.storyboard */,
				62FBCDE625E0FF2B009A5614 /* Info.plist */,
			);
			path = DubizzleSample;
			sourceTree = "<group>";
		};
		62FBCDEE25E0FF2B009A5614 /* DubizzleSampleTests */ = {
			isa = PBXGroup;
			children = (
				62FBCDEF25E0FF2B009A5614 /* DubizzleSampleTests.swift */,
				62FBCDF125E0FF2B009A5614 /* Info.plist */,
			);
			path = DubizzleSampleTests;
			sourceTree = "<group>";
		};
		62FBCDF925E0FF2B009A5614 /* DubizzleSampleUITests */ = {
			isa = PBXGroup;
			children = (
				62FBCDFA25E0FF2B009A5614 /* DubizzleSampleUITests.swift */,
				62FBCDFC25E0FF2B009A5614 /* Info.plist */,
			);
			path = DubizzleSampleUITests;
			sourceTree = "<group>";
		};
/* End PBXGroup section */

/* Begin PBXNativeTarget section */
		62FBCDD425E0FF29009A5614 /* DubizzleSample */ = {
			isa = PBXNativeTarget;
			buildConfigurationList = 62FBCDFF25E0FF2B009A5614 /* Build configuration list for PBXNativeTarget "DubizzleSample" */;
			buildPhases = (
				62FBCDD125E0FF29009A5614 /* Sources */,
				62FBCDD225E0FF29009A5614 /* Frameworks */,
				62FBCDD325E0FF29009A5614 /* Resources */,
			);
			buildRules = (
			);
			dependencies = (
			);
			name = DubizzleSample;
			productName = DubizzleSample;
			productReference = 62FBCDD525E0FF29009A5614 /* DubizzleSample.app */;
			productType = "com.apple.product-type.application";
		};
		62FBCDEA25E0FF2B009A5614 /* DubizzleSampleTests */ = {
			isa = PBXNativeTarget;
			buildConfigurationList = 62FBCE0225E0FF2B009A5614 /* Build configuration list for PBXNativeTarget "DubizzleSampleTests" */;
			buildPhases = (
				62FBCDE725E0FF2B009A5614 /* Sources */,
				62FBCDE825E0FF2B009A5614 /* Frameworks */,
				62FBCDE925E0FF2B009A5614 /* Resources */,
			);
			buildRules = (
			);
			dependencies = (
				62FBCDED25E0FF2B009A5614 /* PBXTargetDependency */,
			);
			name = DubizzleSampleTests;
			productName = DubizzleSampleTests;
			productReference = 62FBCDEB25E0FF2B009A5614 /* DubizzleSampleTests.xctest */;
			productType = "com.apple.product-type.bundle.unit-test";
		};
		62FBCDF525E0FF2B009A5614 /* DubizzleSampleUITests */ = {
			isa = PBXNativeTarget;
			buildConfigurationList = 62FBCE0525E0FF2B009A5614 /* Build configuration list for PBXNativeTarget "DubizzleSampleUITests" */;
			buildPhases = (
				62FBCDF225E0FF2B009A5614 /* Sources */,
				62FBCDF325E0FF2B009A5614 /* Frameworks */,
				62FBCDF425E0FF2B009A5614 /* Resources */,
			);
			buildRules = (
			);
			dependencies = (
				62FBCDF825E0FF2B009A5614 /* PBXTargetDependency */,
			);
			name = DubizzleSampleUITests;
			productName = DubizzleSampleUITests;
			productReference = 62FBCDF625E0FF2B009A5614 /* DubizzleSampleUITests.xctest */;
			productType = "com.apple.product-type.bundle.ui-testing";
		};
/* End PBXNativeTarget section */

/* Begin PBXProject section */
		62FBCDCD25E0FF29009A5614 /* Project object */ = {
			isa = PBXProject;
			attributes = {
				LastSwiftUpdateCheck = 1230;
				LastUpgradeCheck = 1230;
				TargetAttributes = {
					62FBCDD425E0FF29009A5614 = {
						CreatedOnToolsVersion = 12.3;
					};
					62FBCDEA25E0FF2B009A5614 = {
						CreatedOnToolsVersion = 12.3;
						TestTargetID = 62FBCDD425E0FF29009A5614;
					};
					62FBCDF525E0FF2B009A5614 = {
						CreatedOnToolsVersion = 12.3;
						TestTargetID = 62FBCDD425E0FF29009A5614;
					};
				};
			};
			buildConfigurationList = 62FBCDD025E0FF29009A5614 /* Build configuration list for PBXProject "DubizzleSample" */;
			compatibilityVersion = "Xcode 9.3";
			developmentRegion = en;
			hasScannedForEncodings = 0;
			knownRegions = (
				en,
				Base,
			);
			mainGroup = 62FBCDCC25E0FF29009A5614;
			productRefGroup = 62FBCDD625E0FF29009A5614 /* Products */;
			projectDirPath = "";
			projectRoot = "";
			targets = (
				62FBCDD425E0FF29009A5614 /* DubizzleSample */,
				62FBCDEA25E0FF2B009A5614 /* DubizzleSampleTests */,
				62FBCDF525E0FF2B009A5614 /* DubizzleSampleUITests */,
			);
		};
/* End PBXProject section */

/* Begin PBXResourcesBuildPhase section */
		62FBCDD325E0FF29009A5614 /* Resources */ = {
			isa = PBXResourcesBuildPhase;
			buildActionMask = 2147483647;
			files = (
				62FBCDE525E0FF2B009A5614 /* LaunchScreen.storyboard in Resources */,
				62FBCDE225E0FF2B009A5614 /* Assets.xcassets in Resources */,
				62FBCDE025E0FF29009A5614 /* Main.storyboard in Resources */,
			);
			runOnlyForDeploymentPostprocessing = 0;
		};
		62FBCDE925E0FF2B009A5614 /* Resources */ = {
			isa = PBXResourcesBuildPhase;
			buildActionMask = 2147483647;
			files = (
			);
			runOnlyForDeploymentPostprocessing = 0;
		};
		62FBCDF425E0FF2B009A5614 /* Resources */ = {
			isa = PBXResourcesBuildPhase;
			buildActionMask = 2147483647;
			files = (
			);
			runOnlyForDeploymentPostprocessing = 0;
		};
/* End PBXResourcesBuildPhase section */

/* Begin PBXSourcesBuildPhase section */
		62FBCDD125E0FF29009A5614 /* Sources */ = {
			isa = PBXSourcesBuildPhase;
			buildActionMask = 2147483647;
			files = (
				62FBCDDD25E0FF29009A5614 /* ViewController.swift in Sources */,
				62FBCDD925E0FF29009A5614 /* AppDelegate.swift in Sources */,
				62FBCDDB25E0FF29009A5614 /* SceneDelegate.swift in Sources */,
			);
			runOnlyForDeploymentPostprocessing = 0;
		};
		62FBCDE725E0FF2B009A5614 /* Sources */ = {
			isa = PBXSourcesBuildPhase;
			buildActionMask = 2147483647;
			files = (
				62FBCDF025E0FF2B009A5614 /* DubizzleSampleTests.swift in Sources */,
			);
			runOnlyForDeploymentPostprocessing = 0;
		};
		62FBCDF225E0FF2B009A5614 /* Sources */ = {
			isa = PBXSourcesBuildPhase;
			buildActionMask = 2147483647;
			files = (
				62FBCDFB25E0FF2B009A5614 /* DubizzleSampleUITests.swift in Sources */,
			);
			runOnlyForDeploymentPostprocessing = 0;
		};
/* End PBXSourcesBuildPhase section */

/* Begin PBXTargetDependency section */
		62FBCDED25E0FF2B009A5614 /* PBXTargetDependency */ = {
			isa = PBXTargetDependency;
			target = 62FBCDD425E0FF29009A5614 /* DubizzleSample */;
			targetProxy = 62FBCDEC25E0FF2B009A5614 /* PBXContainerItemProxy */;
		};
		62FBCDF825E0FF2B009A5614 /* PBXTargetDependency */ = {
			isa = PBXTargetDependency;
			target = 62FBCDD425E0FF29009A5614 /* DubizzleSample */;
			targetProxy = 62FBCDF725E0FF2B009A5614 /* PBXContainerItemProxy */;
		};
/* End PBXTargetDependency section */

/* Begin PBXVariantGroup section */
		62FBCDDE25E0FF29009A5614 /* Main.storyboard */ = {
			isa = PBXVariantGroup;
			children = (
				62FBCDDF25E0FF29009A5614 /* Base */,
			);
			name = Main.storyboard;
			sourceTree = "<group>";
		};
		62FBCDE325E0FF2B009A5614 /* LaunchScreen.storyboard */ = {
			isa = PBXVariantGroup;
			children = (
				62FBCDE425E0FF2B009A5614 /* Base */,
			);
			name = LaunchScreen.storyboard;
			sourceTree = "<group>";
		};
/* End PBXVariantGroup section */

/* Begin XCBuildConfiguration section */
		62FBCDFD25E0FF2B009A5614 /* Debug */ = {
			isa = XCBuildConfiguration;
			buildSettings = {
				ALWAYS_SEARCH_USER_PATHS = NO;
				CLANG_ANALYZER_NONNULL = YES;
				CLANG_ANALYZER_NUMBER_OBJECT_CONVERSION = YES_AGGRESSIVE;
				CLANG_CXX_LANGUAGE_STANDARD = "gnu++14";
				CLANG_CXX_LIBRARY = "libc++";
				CLANG_ENABLE_MODULES = YES;
				CLANG_ENABLE_OBJC_ARC = YES;
				CLANG_ENABLE_OBJC_WEAK = YES;
				CLANG_WARN_BLOCK_CAPTURE_AUTORELEASING = YES;
				CLANG_WARN_BOOL_CONVERSION = YES;
				CLANG_WARN_COMMA = YES;
				CLANG_WARN_CONSTANT_CONVERSION = YES;
				CLANG_WARN_DEPRECATED_OBJC_IMPLEMENTATIONS = YES;
				CLANG_WARN_DIRECT_OBJC_ISA_USAGE = YES_ERROR;
				CLANG_WARN_DOCUMENTATION_COMMENTS = YES;
				CLANG_WARN_EMPTY_BODY = YES;
				CLANG_WARN_ENUM_CONVERSION = YES;
				CLANG_WARN_INFINITE_RECURSION = YES;
				CLANG_WARN_INT_CONVERSION = YES;
				CLANG_WARN_NON_LITERAL_NULL_CONVERSION = YES;
				CLANG_WARN_OBJC_IMPLICIT_RETAIN_SELF = YES;
				CLANG_WARN_OBJC_LITERAL_CONVERSION = YES;
				CLANG_WARN_OBJC_ROOT_CLASS = YES_ERROR;
				CLANG_WARN_QUOTED_INCLUDE_IN_FRAMEWORK_HEADER = YES;
				CLANG_WARN_RANGE_LOOP_ANALYSIS = YES;
				CLANG_WARN_STRICT_PROTOTYPES = YES;
				CLANG_WARN_SUSPICIOUS_MOVE = YES;
				CLANG_WARN_UNGUARDED_AVAILABILITY = YES_AGGRESSIVE;
				CLANG_WARN_UNREACHABLE_CODE = YES;
				CLANG_WARN__DUPLICATE_METHOD_MATCH = YES;
				COPY_PHASE_STRIP = NO;
				DEBUG_INFORMATION_FORMAT = dwarf;
				ENABLE_STRICT_OBJC_MSGSEND = YES;
				ENABLE_TESTABILITY = YES;
				GCC_C_LANGUAGE_STANDARD = gnu11;
				GCC_DYNAMIC_NO_PIC = NO;
				GCC_NO_COMMON_BLOCKS = YES;
				GCC_OPTIMIZATION_LEVEL = 0;
				GCC_PREPROCESSOR_DEFINITIONS = (
					"DEBUG=1",
					"$(inherited)",
				);
				GCC_WARN_64_TO_32_BIT_CONVERSION = YES;
				GCC_WARN_ABOUT_RETURN_TYPE = YES_ERROR;
				GCC_WARN_UNDECLARED_SELECTOR = YES;
				GCC_WARN_UNINITIALIZED_AUTOS = YES_AGGRESSIVE;
				GCC_WARN_UNUSED_FUNCTION = YES;
				GCC_WARN_UNUSED_VARIABLE = YES;
				IPHONEOS_DEPLOYMENT_TARGET = 14.3;
				MTL_ENABLE_DEBUG_INFO = INCLUDE_SOURCE;
				MTL_FAST_MATH = YES;
				ONLY_ACTIVE_ARCH = YES;
				SDKROOT = iphoneos;
				SWIFT_ACTIVE_COMPILATION_CONDITIONS = DEBUG;
				SWIFT_OPTIMIZATION_LEVEL = "-Onone";
			};
			name = Debug;
		};
		62FBCDFE25E0FF2B009A5614 /* Release */ = {
			isa = XCBuildConfiguration;
			buildSettings = {
				ALWAYS_SEARCH_USER_PATHS = NO;
				CLANG_ANALYZER_NONNULL = YES;
				CLANG_ANALYZER_NUMBER_OBJECT_CONVERSION = YES_AGGRESSIVE;
				CLANG_CXX_LANGUAGE_STANDARD = "gnu++14";
				CLANG_CXX_LIBRARY = "libc++";
				CLANG_ENABLE_MODULES = YES;
				CLANG_ENABLE_OBJC_ARC = YES;
				CLANG_ENABLE_OBJC_WEAK = YES;
				CLANG_WARN_BLOCK_CAPTURE_AUTORELEASING = YES;
				CLANG_WARN_BOOL_CONVERSION = YES;
				CLANG_WARN_COMMA = YES;
				CLANG_WARN_CONSTANT_CONVERSION = YES;
				CLANG_WARN_DEPRECATED_OBJC_IMPLEMENTATIONS = YES;
				CLANG_WARN_DIRECT_OBJC_ISA_USAGE = YES_ERROR;
				CLANG_WARN_DOCUMENTATION_COMMENTS = YES;
				CLANG_WARN_EMPTY_BODY = YES;
				CLANG_WARN_ENUM_CONVERSION = YES;
				CLANG_WARN_INFINITE_RECURSION = YES;
				CLANG_WARN_INT_CONVERSION = YES;
				CLANG_WARN_NON_LITERAL_NULL_CONVERSION = YES;
				CLANG_WARN_OBJC_IMPLICIT_RETAIN_SELF = YES;
				CLANG_WARN_OBJC_LITERAL_CONVERSION = YES;
				CLANG_WARN_OBJC_ROOT_CLASS = YES_ERROR;
				CLANG_WARN_QUOTED_INCLUDE_IN_FRAMEWORK_HEADER = YES;
				CLANG_WARN_RANGE_LOOP_ANALYSIS = YES;
				CLANG_WARN_STRICT_PROTOTYPES = YES;
				CLANG_WARN_SUSPICIOUS_MOVE = YES;
				CLANG_WARN_UNGUARDED_AVAILABILITY = YES_AGGRESSIVE;
				CLANG_WARN_UNREACHABLE_CODE = YES;
				CLANG_WARN__DUPLICATE_METHOD_MATCH = YES;
				COPY_PHASE_STRIP = NO;
				DEBUG_INFORMATION_FORMAT = "dwarf-with-dsym";
				ENABLE_NS_ASSERTIONS = NO;
				ENABLE_STRICT_OBJC_MSGSEND = YES;
				GCC_C_LANGUAGE_STANDARD = gnu11;
				GCC_NO_COMMON_BLOCKS = YES;
				GCC_WARN_64_TO_32_BIT_CONVERSION = YES;
				GCC_WARN_ABOUT_RETURN_TYPE = YES_ERROR;
				GCC_WARN_UNDECLARED_SELECTOR = YES;
				GCC_WARN_UNINITIALIZED_AUTOS = YES_AGGRESSIVE;
				GCC_WARN_UNUSED_FUNCTION = YES;
				GCC_WARN_UNUSED_VARIABLE = YES;
				IPHONEOS_DEPLOYMENT_TARGET = 14.3;
				MTL_ENABLE_DEBUG_INFO = NO;
				MTL_FAST_MATH = YES;
				SDKROOT = iphoneos;
				SWIFT_COMPILATION_MODE = wholemodule;
				SWIFT_OPTIMIZATION_LEVEL = "-O";
				VALIDATE_PRODUCT = YES;
			};
			name = Release;
		};
		62FBCE0025E0FF2B009A5614 /* Debug */ = {
			isa = XCBuildConfiguration;
			buildSettings = {
				ASSETCATALOG_COMPILER_APPICON_NAME = AppIcon;
				ASSETCATALOG_COMPILER_GLOBAL_ACCENT_COLOR_NAME = AccentColor;
				CODE_SIGN_STYLE = Automatic;
				DEVELOPMENT_TEAM = 23G4UNKM6C;
				INFOPLIST_FILE = DubizzleSample/Info.plist;
				LD_RUNPATH_SEARCH_PATHS = (
					"$(inherited)",
					"@executable_path/Frameworks",
				);
				PRODUCT_BUNDLE_IDENTIFIER = com.DubizzleSample;
				PRODUCT_NAME = "$(TARGET_NAME)";
				SWIFT_VERSION = 5.0;
				TARGETED_DEVICE_FAMILY = "1,2";
			};
			name = Debug;
		};
		62FBCE0125E0FF2B009A5614 /* Release */ = {
			isa = XCBuildConfiguration;
			buildSettings = {
				ASSETCATALOG_COMPILER_APPICON_NAME = AppIcon;
				ASSETCATALOG_COMPILER_GLOBAL_ACCENT_COLOR_NAME = AccentColor;
				CODE_SIGN_STYLE = Automatic;
				DEVELOPMENT_TEAM = 23G4UNKM6C;
				INFOPLIST_FILE = DubizzleSample/Info.plist;
				LD_RUNPATH_SEARCH_PATHS = (
					"$(inherited)",
					"@executable_path/Frameworks",
				);
				PRODUCT_BUNDLE_IDENTIFIER = com.DubizzleSample;
				PRODUCT_NAME = "$(TARGET_NAME)";
				SWIFT_VERSION = 5.0;
				TARGETED_DEVICE_FAMILY = "1,2";
			};
			name = Release;
		};
		62FBCE0325E0FF2B009A5614 /* Debug */ = {
			isa = XCBuildConfiguration;
			buildSettings = {
				ALWAYS_EMBED_SWIFT_STANDARD_LIBRARIES = YES;
				BUNDLE_LOADER = "$(TEST_HOST)";
				CODE_SIGN_STYLE = Automatic;
				DEVELOPMENT_TEAM = 23G4UNKM6C;
				INFOPLIST_FILE = DubizzleSampleTests/Info.plist;
				IPHONEOS_DEPLOYMENT_TARGET = 14.3;
				LD_RUNPATH_SEARCH_PATHS = (
					"$(inherited)",
					"@executable_path/Frameworks",
					"@loader_path/Frameworks",
				);
				PRODUCT_BUNDLE_IDENTIFIER = com.DubizzleSampleTests;
				PRODUCT_NAME = "$(TARGET_NAME)";
				SWIFT_VERSION = 5.0;
				TARGETED_DEVICE_FAMILY = "1,2";
				TEST_HOST = "$(BUILT_PRODUCTS_DIR)/DubizzleSample.app/DubizzleSample";
			};
			name = Debug;
		};
		62FBCE0425E0FF2B009A5614 /* Release */ = {
			isa = XCBuildConfiguration;
			buildSettings = {
				ALWAYS_EMBED_SWIFT_STANDARD_LIBRARIES = YES;
				BUNDLE_LOADER = "$(TEST_HOST)";
				CODE_SIGN_STYLE = Automatic;
				DEVELOPMENT_TEAM = 23G4UNKM6C;
				INFOPLIST_FILE = DubizzleSampleTests/Info.plist;
				IPHONEOS_DEPLOYMENT_TARGET = 14.3;
				LD_RUNPATH_SEARCH_PATHS = (
					"$(inherited)",
					"@executable_path/Frameworks",
					"@loader_path/Frameworks",
				);
				PRODUCT_BUNDLE_IDENTIFIER = com.DubizzleSampleTests;
				PRODUCT_NAME = "$(TARGET_NAME)";
				SWIFT_VERSION = 5.0;
				TARGETED_DEVICE_FAMILY = "1,2";
				TEST_HOST = "$(BUILT_PRODUCTS_DIR)/DubizzleSample.app/DubizzleSample";
			};
			name = Release;
		};
		62FBCE0625E0FF2B009A5614 /* Debug */ = {
			isa = XCBuildConfiguration;
			buildSettings = {
				ALWAYS_EMBED_SWIFT_STANDARD_LIBRARIES = YES;
				CODE_SIGN_STYLE = Automatic;
				DEVELOPMENT_TEAM = 23G4UNKM6C;
				INFOPLIST_FILE = DubizzleSampleUITests/Info.plist;
				LD_RUNPATH_SEARCH_PATHS = (
					"$(inherited)",
					"@executable_path/Frameworks",
					"@loader_path/Frameworks",
				);
				PRODUCT_BUNDLE_IDENTIFIER = com.DubizzleSampleUITests;
				PRODUCT_NAME = "$(TARGET_NAME)";
				SWIFT_VERSION = 5.0;
				TARGETED_DEVICE_FAMILY = "1,2";
				TEST_TARGET_NAME = DubizzleSample;
			};
			name = Debug;
		};
		62FBCE0725E0FF2B009A5614 /* Release */ = {
			isa = XCBuildConfiguration;
			buildSettings = {
				ALWAYS_EMBED_SWIFT_STANDARD_LIBRARIES = YES;
				CODE_SIGN_STYLE = Automatic;
				DEVELOPMENT_TEAM = 23G4UNKM6C;
				INFOPLIST_FILE = DubizzleSampleUITests/Info.plist;
				LD_RUNPATH_SEARCH_PATHS = (
					"$(inherited)",
					"@executable_path/Frameworks",
					"@loader_path/Frameworks",
				);
				PRODUCT_BUNDLE_IDENTIFIER = com.DubizzleSampleUITests;
				PRODUCT_NAME = "$(TARGET_NAME)";
				SWIFT_VERSION = 5.0;
				TARGETED_DEVICE_FAMILY = "1,2";
				TEST_TARGET_NAME = DubizzleSample;
			};
			name = Release;
		};
/* End XCBuildConfiguration section */

/* Begin XCConfigurationList section */
		62FBCDD025E0FF29009A5614 /* Build configuration list for PBXProject "DubizzleSample" */ = {
			isa = XCConfigurationList;
			buildConfigurations = (
				62FBCDFD25E0FF2B009A5614 /* Debug */,
				62FBCDFE25E0FF2B009A5614 /* Release */,
			);
			defaultConfigurationIsVisible = 0;
			defaultConfigurationName = Release;
		};
		62FBCDFF25E0FF2B009A5614 /* Build configuration list for PBXNativeTarget "DubizzleSample" */ = {
			isa = XCConfigurationList;
			buildConfigurations = (
				62FBCE0025E0FF2B009A5614 /* Debug */,
				62FBCE0125E0FF2B009A5614 /* Release */,
			);
			defaultConfigurationIsVisible = 0;
			defaultConfigurationName = Release;
		};
		62FBCE0225E0FF2B009A5614 /* Build configuration list for PBXNativeTarget "DubizzleSampleTests" */ = {
			isa = XCConfigurationList;
			buildConfigurations = (
				62FBCE0325E0FF2B009A5614 /* Debug */,
				62FBCE0425E0FF2B009A5614 /* Release */,
			);
			defaultConfigurationIsVisible = 0;
			defaultConfigurationName = Release;
		};
		62FBCE0525E0FF2B009A5614 /* Build configuration list for PBXNativeTarget "DubizzleSampleUITests" */ = {
			isa = XCConfigurationList;
			buildConfigurations = (
				62FBCE0625E0FF2B009A5614 /* Debug */,
				62FBCE0725E0FF2B009A5614 /* Release */,
			);
			defaultConfigurationIsVisible = 0;
			defaultConfigurationName = Release;
		};
/* End XCConfigurationList section */
	};
	rootObject = 62FBCDCD25E0FF29009A5614 /* Project object */;
}
